
Microsoft Visual Studio Solution File, Format Version 11.00
# Visual Studio 2010
Project("{8BC9CEB8-8B4A-11D0-8D11-00A0C91BC942}") = "Phi", "Phi\Phi.vcxproj", "{7153CF0C-0F93-4ACF-B813-7DACC28A9D9D}"
EndProject
Project("{8BC9CEB8-8B4A-11D0-8D11-00A0C91BC942}") = "Engine", "..\Engine\Engine.vcxproj", "{1A4FE7E9-979F-484B-98C4-B439581F8157}"
EndProject
Global
	GlobalSection(SolutionConfigurationPlatforms) = preSolution
		Debug|Win32 = Debug|Win32
		Release|Win32 = Release|Win32
	EndGlobalSection
	GlobalSection(ProjectConfigurationPlatforms) = postSolution
		{7153CF0C-0F93-4ACF-B813-7DACC28A9D9D}.Debug|Win32.ActiveCfg = Debug|Win32
		{7153CF0C-0F93-4ACF-B813-7DACC28A9D9D}.Debug|Win32.Build.0 = Debug|Win32
		{7153CF0C-0F93-4ACF-B813-7DACC28A9D9D}.Release|Win32.ActiveCfg = Release|Win32
		{7153CF0C-0F93-4ACF-B813-7DACC28A9D9D}.Release|Win32.Build.0 = Release|Win32
		{1A4FE7E9-979F-484B-98C4-B439581F8157}.Debug|Win32.ActiveCfg = Debug|Win32
		{1A4FE7E9-979F-484B-98C4-B439581F8157}.Debug|Win32.Build.0 = Debug|Win32
		{1A4FE7E9-979F-484B-98C4-B439581F8157}.Release|Win32.ActiveCfg = Release|Win32
		{1A4FE7E9-979F-484B-98C4-B439581F8157}.Release|Win32.Build.0 = Release|Win32
	EndGlobalSection
	GlobalSection(SolutionProperties) = preSolution
		HideSolutionNode = FALSE
	EndGlobalSection
EndGlobal
